{
  "name": "playwright",
  "version": "1.0.0",
  "lockfileVersion": 2,
  "requires": true,
  "packages": {
    "": {
      "name": "playwright",
      "version": "1.0.0",
      "license": "ISC",
      "dependencies": {
        "playwright": "^1.29.2",
        "playwright-chromium": "^1.29.2",
        "playwright-core": "^1.29.2"
      },
      "devDependencies": {
        "@types/node": "^18.14.4",
        "typescript": "^4.9.5"
      }
    },
    "node_modules/@types/node": {
      "version": "18.14.4",
      "resolved": "https://registry.npmjs.org/@types/node/-/node-18.14.4.tgz",
      "integrity": "sha512-VhCw7I7qO2X49+jaKcAUwi3rR+hbxT5VcYF493+Z5kMLI0DL568b7JI4IDJaxWFH0D/xwmGJNoXisyX+w7GH/g==",
      "dev": true
    },
    "node_modules/playwright": {
      "version": "1.30.0",
      "resolved": "https://registry.npmjs.org/playwright/-/playwright-1.30.0.tgz",
      "integrity": "sha512-ENbW5o75HYB3YhnMTKJLTErIBExrSlX2ZZ1C/FzmHjUYIfxj/UnI+DWpQr992m+OQVSg0rCExAOlRwB+x+yyIg==",
      "hasInstallScript": true,
      "dependencies": {
        "playwright-core": "1.30.0"
      },
      "bin": {
        "playwright": "cli.js"
      },
      "engines": {
        "node": ">=14"
      }
    },
    "node_modules/playwright-chromium": {
      "version": "1.29.2",
      "resolved": "https://registry.npmjs.org/playwright-chromium/-/playwright-chromium-1.29.2.tgz",
      "integrity": "sha512-iylIZpI8pD2ukBY5fQhluCx530bi2w4oUUM0PAfsxBnAYKntdj4bkTlcHuvS23EvabUS++YYi6KCI5uC517nxQ==",
      "hasInstallScript": true,
      "dependencies": {
        "playwright-core": "1.29.2"
      },
      "bin": {
        "playwright": "cli.js"
      },
      "engines": {
        "node": ">=14"
      }
    },
    "node_modules/playwright-core": {
      "version": "1.29.2",
      "resolved": "https://registry.npmjs.org/playwright-core/-/playwright-core-1.29.2.tgz",
      "integrity": "sha512-94QXm4PMgFoHAhlCuoWyaBYKb92yOcGVHdQLoxQ7Wjlc7Flg4aC/jbFW7xMR52OfXMVkWicue4WXE7QEegbIRA==",
      "bin": {
        "playwright": "cli.js"
      },
      "engines": {
        "node": ">=14"
      }
    },
    "node_modules/playwright/node_modules/playwright-core": {
      "version": "1.30.0",
      "resolved": "https://registry.npmjs.org/playwright-core/-/playwright-core-1.30.0.tgz",
      "integrity": "sha512-7AnRmTCf+GVYhHbLJsGUtskWTE33SwMZkybJ0v6rqR1boxq2x36U7p1vDRV7HO2IwTZgmycracLxPEJI49wu4g==",
      "bin": {
        "playwright": "cli.js"
      },
      "engines": {
        "node": ">=14"
      }
    },
    "node_modules/typescript": {
      "version": "4.9.5",
      "resolved": "https://registry.npmjs.org/typescript/-/typescript-4.9.5.tgz",
      "integrity": "sha512-1FXk9E2Hm+QzZQ7z+McJiHL4NW1F2EzMu9Nq9i3zAaGqibafqYwCVU6WyWAuyQRRzOlxou8xZSyXLEN8oKj24g==",
      "dev": true,
      "bin": {
        "tsc": "bin/tsc",
        "tsserver": "bin/tsserver"
      },
      "engines": {
        "node": ">=4.2.0"
      }
    }
  },
  "dependencies": {
    "@types/node": {
      "version": "18.14.4",
      "resolved": "https://registry.npmjs.org/@types/node/-/node-18.14.4.tgz",
      "integrity": "sha512-VhCw7I7qO2X49+jaKcAUwi3rR+hbxT5VcYF493+Z5kMLI0DL568b7JI4IDJaxWFH0D/xwmGJNoXisyX+w7GH/g==",
      "dev": true
    },
    "playwright": {
      "version": "1.30.0",
      "resolved": "https://registry.npmjs.org/playwright/-/playwright-1.30.0.tgz",
      "integrity": "sha512-ENbW5o75HYB3YhnMTKJLTErIBExrSlX2ZZ1C/FzmHjUYIfxj/UnI+DWpQr992m+OQVSg0rCExAOlRwB+x+yyIg==",
      "requires": {
        "playwright-core": "1.30.0"
      },
      "dependencies": {
        "playwright-core": {
          "version": "1.30.0",
          "resolved": "https://registry.npmjs.org/playwright-core/-/playwright-core-1.30.0.tgz",
          "integrity": "sha512-7AnRmTCf+GVYhHbLJsGUtskWTE33SwMZkybJ0v6rqR1boxq2x36U7p1vDRV7HO2IwTZgmycracLxPEJI49wu4g=="
        }
      }
    },
    "playwright-chromium": {
      "version": "1.29.2",
      "resolved": "https://registry.npmjs.org/playwright-chromium/-/playwright-chromium-1.29.2.tgz",
      "integrity": "sha512-iylIZpI8pD2ukBY5fQhluCx530bi2w4oUUM0PAfsxBnAYKntdj4bkTlcHuvS23EvabUS++YYi6KCI5uC517nxQ==",
      "requires": {
        "playwright-core": "1.29.2"
      }
    },
    "playwright-core": {
      "version": "1.29.2",
      "resolved": "https://registry.npmjs.org/playwright-core/-/playwright-core-1.29.2.tgz",
      "integrity": "sha512-94QXm4PMgFoHAhlCuoWyaBYKb92yOcGVHdQLoxQ7Wjlc7Flg4aC/jbFW7xMR52OfXMVkWicue4WXE7QEegbIRA=="
    },
    "typescript": {
      "version": "4.9.5",
      "resolved": "https://registry.npmjs.org/typescript/-/typescript-4.9.5.tgz",
      "integrity": "sha512-1FXk9E2Hm+QzZQ7z+McJiHL4NW1F2EzMu9Nq9i3zAaGqibafqYwCVU6WyWAuyQRRzOlxou8xZSyXLEN8oKj24g==",
      "dev": true
    }
  }
}
